
Microsoft Visual Studio Solution File, Format Version 12.00
# Visual Studio 15
VisualStudioVersion = 15.0.28010.2026
MinimumVisualStudioVersion = 10.0.40219.1
Project("{FAE04EC0-301F-11D3-BF4B-00C04F79EFBC}") = "Hsf.Property", "Hsf.Property\Hsf.Property.csproj", "{501C76C6-008E-4DF1-9073-B4791101628B}"
EndProject
Project("{2150E333-8FDC-42A3-9474-1A3956D46DE8}") = "Data", "Data", "{FC8A3B2B-8B94-4A23-9C66-29BF6DB26FEC}"
EndProject
Project("{FAE04EC0-301F-11D3-BF4B-00C04F79EFBC}") = "Hsf.EF.Model", "Hsf.EF.Model\Hsf.EF.Model.csproj", "{71D72186-5983-4A9C-98EC-40E2C9A0F601}"
EndProject
Project("{FAE04EC0-301F-11D3-BF4B-00C04F79EFBC}") = "Hsf.Bussiness.Service", "Hsf.Bussiness.Service\Hsf.Bussiness.Service.csproj", "{D3ADE855-EA9F-4AF2-8019-A32365A8012E}"
EndProject
Project("{FAE04EC0-301F-11D3-BF4B-00C04F79EFBC}") = "Hsf.Bussiness.Interface", "Hsf.Bussiness.Interface\Hsf.Bussiness.Interface.csproj", "{DF36370F-0D06-49F6-A3C4-5E96540FEB1D}"
EndProject
Project("{FAE04EC0-301F-11D3-BF4B-00C04F79EFBC}") = "Hsf.Framework", "Hsf.Framework\Hsf.Framework.csproj", "{7826F498-2199-4A27-A7EB-EE8AB320F7BF}"
EndProject
Project("{2150E333-8FDC-42A3-9474-1A3956D46DE8}") = "Common", "Common", "{1EEDAA80-BEA2-49E0-87BB-6DFEC88AAA33}"
EndProject
Project("{2150E333-8FDC-42A3-9474-1A3956D46DE8}") = "Client", "Client", "{D2380635-EF0C-49C8-949C-9E62418DAC39}"
EndProject
Project("{FAE04EC0-301F-11D3-BF4B-00C04F79EFBC}") = "Hsf.MVC5", "Hsf.MVC5\Hsf.MVC5.csproj", "{8918A05B-B37B-42F9-83EB-85A3C8A95B2F}"
EndProject
Project("{FAE04EC0-301F-11D3-BF4B-00C04F79EFBC}") = "Hsf.Web.Core", "Hsf.Web.Core\Hsf.Web.Core.csproj", "{03896DB5-644E-450A-B1EF-F41EE6C199BE}"
EndProject
Project("{FAE04EC0-301F-11D3-BF4B-00C04F79EFBC}") = "Hsf.Redis", "Hsf.Redis\Hsf.Redis.csproj", "{18C95D98-836E-4242-9E68-B60D81932A2A}"
EndProject
Global
	GlobalSection(SolutionConfigurationPlatforms) = preSolution
		Debug|Any CPU = Debug|Any CPU
		Release|Any CPU = Release|Any CPU
	EndGlobalSection
	GlobalSection(ProjectConfigurationPlatforms) = postSolution
		{501C76C6-008E-4DF1-9073-B4791101628B}.Debug|Any CPU.ActiveCfg = Debug|Any CPU
		{501C76C6-008E-4DF1-9073-B4791101628B}.Debug|Any CPU.Build.0 = Debug|Any CPU
		{501C76C6-008E-4DF1-9073-B4791101628B}.Release|Any CPU.ActiveCfg = Release|Any CPU
		{501C76C6-008E-4DF1-9073-B4791101628B}.Release|Any CPU.Build.0 = Release|Any CPU
		{71D72186-5983-4A9C-98EC-40E2C9A0F601}.Debug|Any CPU.ActiveCfg = Debug|Any CPU
		{71D72186-5983-4A9C-98EC-40E2C9A0F601}.Debug|Any CPU.Build.0 = Debug|Any CPU
		{71D72186-5983-4A9C-98EC-40E2C9A0F601}.Release|Any CPU.ActiveCfg = Release|Any CPU
		{71D72186-5983-4A9C-98EC-40E2C9A0F601}.Release|Any CPU.Build.0 = Release|Any CPU
		{D3ADE855-EA9F-4AF2-8019-A32365A8012E}.Debug|Any CPU.ActiveCfg = Debug|Any CPU
		{D3ADE855-EA9F-4AF2-8019-A32365A8012E}.Debug|Any CPU.Build.0 = Debug|Any CPU
		{D3ADE855-EA9F-4AF2-8019-A32365A8012E}.Release|Any CPU.ActiveCfg = Release|Any CPU
		{D3ADE855-EA9F-4AF2-8019-A32365A8012E}.Release|Any CPU.Build.0 = Release|Any CPU
		{DF36370F-0D06-49F6-A3C4-5E96540FEB1D}.Debug|Any CPU.ActiveCfg = Debug|Any CPU
		{DF36370F-0D06-49F6-A3C4-5E96540FEB1D}.Debug|Any CPU.Build.0 = Debug|Any CPU
		{DF36370F-0D06-49F6-A3C4-5E96540FEB1D}.Release|Any CPU.ActiveCfg = Release|Any CPU
		{DF36370F-0D06-49F6-A3C4-5E96540FEB1D}.Release|Any CPU.Build.0 = Release|Any CPU
		{7826F498-2199-4A27-A7EB-EE8AB320F7BF}.Debug|Any CPU.ActiveCfg = Debug|Any CPU
		{7826F498-2199-4A27-A7EB-EE8AB320F7BF}.Debug|Any CPU.Build.0 = Debug|Any CPU
		{7826F498-2199-4A27-A7EB-EE8AB320F7BF}.Release|Any CPU.ActiveCfg = Release|Any CPU
		{7826F498-2199-4A27-A7EB-EE8AB320F7BF}.Release|Any CPU.Build.0 = Release|Any CPU
		{8918A05B-B37B-42F9-83EB-85A3C8A95B2F}.Debug|Any CPU.ActiveCfg = Debug|Any CPU
		{8918A05B-B37B-42F9-83EB-85A3C8A95B2F}.Debug|Any CPU.Build.0 = Debug|Any CPU
		{8918A05B-B37B-42F9-83EB-85A3C8A95B2F}.Release|Any CPU.ActiveCfg = Release|Any CPU
		{8918A05B-B37B-42F9-83EB-85A3C8A95B2F}.Release|Any CPU.Build.0 = Release|Any CPU
		{03896DB5-644E-450A-B1EF-F41EE6C199BE}.Debug|Any CPU.ActiveCfg = Debug|Any CPU
		{03896DB5-644E-450A-B1EF-F41EE6C199BE}.Debug|Any CPU.Build.0 = Debug|Any CPU
		{03896DB5-644E-450A-B1EF-F41EE6C199BE}.Release|Any CPU.ActiveCfg = Release|Any CPU
		{03896DB5-644E-450A-B1EF-F41EE6C199BE}.Release|Any CPU.Build.0 = Release|Any CPU
		{18C95D98-836E-4242-9E68-B60D81932A2A}.Debug|Any CPU.ActiveCfg = Debug|Any CPU
		{18C95D98-836E-4242-9E68-B60D81932A2A}.Debug|Any CPU.Build.0 = Debug|Any CPU
		{18C95D98-836E-4242-9E68-B60D81932A2A}.Release|Any CPU.ActiveCfg = Release|Any CPU
		{18C95D98-836E-4242-9E68-B60D81932A2A}.Release|Any CPU.Build.0 = Release|Any CPU
	EndGlobalSection
	GlobalSection(SolutionProperties) = preSolution
		HideSolutionNode = FALSE
	EndGlobalSection
	GlobalSection(NestedProjects) = preSolution
		{501C76C6-008E-4DF1-9073-B4791101628B} = {D2380635-EF0C-49C8-949C-9E62418DAC39}
		{71D72186-5983-4A9C-98EC-40E2C9A0F601} = {FC8A3B2B-8B94-4A23-9C66-29BF6DB26FEC}
		{D3ADE855-EA9F-4AF2-8019-A32365A8012E} = {FC8A3B2B-8B94-4A23-9C66-29BF6DB26FEC}
		{DF36370F-0D06-49F6-A3C4-5E96540FEB1D} = {FC8A3B2B-8B94-4A23-9C66-29BF6DB26FEC}
		{7826F498-2199-4A27-A7EB-EE8AB320F7BF} = {1EEDAA80-BEA2-49E0-87BB-6DFEC88AAA33}
		{8918A05B-B37B-42F9-83EB-85A3C8A95B2F} = {D2380635-EF0C-49C8-949C-9E62418DAC39}
		{03896DB5-644E-450A-B1EF-F41EE6C199BE} = {1EEDAA80-BEA2-49E0-87BB-6DFEC88AAA33}
		{18C95D98-836E-4242-9E68-B60D81932A2A} = {1EEDAA80-BEA2-49E0-87BB-6DFEC88AAA33}
	EndGlobalSection
	GlobalSection(ExtensibilityGlobals) = postSolution
		SolutionGuid = {70F02A7F-932E-45AD-A622-5A70161F19AC}
	EndGlobalSection
EndGlobal
